// !$*UTF8*$!
{
	archiveVersion = 1;
	classes = {
	};
	objectVersion = 50;
	objects = {

/* Begin PBXBuildFile section */
		9A47CC1923F1B6670004CAEC /* AppDelegate.swift in Sources */ = {isa = PBXBuildFile; fileRef = 9A47CC1823F1B6670004CAEC /* AppDelegate.swift */; };
		9A47CC1B23F1B6670004CAEC /* SceneDelegate.swift in Sources */ = {isa = PBXBuildFile; fileRef = 9A47CC1A23F1B6670004CAEC /* SceneDelegate.swift */; };
		9A47CC1D23F1B6670004CAEC /* ContentView.swift in Sources */ = {isa = PBXBuildFile; fileRef = 9A47CC1C23F1B6670004CAEC /* ContentView.swift */; };
		9A47CC1F23F1B6690004CAEC /* Assets.xcassets in Resources */ = {isa = PBXBuildFile; fileRef = 9A47CC1E23F1B6690004CAEC /* Assets.xcassets */; };
		9A47CC2223F1B6690004CAEC /* Preview Assets.xcassets in Resources */ = {isa = PBXBuildFile; fileRef = 9A47CC2123F1B6690004CAEC /* Preview Assets.xcassets */; };
		9A47CC2523F1B6690004CAEC /* LaunchScreen.storyboard in Resources */ = {isa = PBXBuildFile; fileRef = 9A47CC2323F1B6690004CAEC /* LaunchScreen.storyboard */; };
/* End PBXBuildFile section */

/* Begin PBXFileReference section */
		9A47CC1523F1B6670004CAEC /* Dolphin_practice.app */ = {isa = PBXFileReference; explicitFileType = wrapper.application; includeInIndex = 0; path = Dolphin_practice.app; sourceTree = BUILT_PRODUCTS_DIR; };
		9A47CC1823F1B6670004CAEC /* AppDelegate.swift */ = {isa = PBXFileReference; lastKnownFileType = sourcecode.swift; path = AppDelegate.swift; sourceTree = "<group>"; };
		9A47CC1A23F1B6670004CAEC /* SceneDelegate.swift */ = {isa = PBXFileReference; lastKnownFileType = sourcecode.swift; path = SceneDelegate.swift; sourceTree = "<group>"; };
		9A47CC1C23F1B6670004CAEC /* ContentView.swift */ = {isa = PBXFileReference; lastKnownFileType = sourcecode.swift; path = ContentView.swift; sourceTree = "<group>"; };
		9A47CC1E23F1B6690004CAEC /* Assets.xcassets */ = {isa = PBXFileReference; lastKnownFileType = folder.assetcatalog; path = Assets.xcassets; sourceTree = "<group>"; };
		9A47CC2123F1B6690004CAEC /* Preview Assets.xcassets */ = {isa = PBXFileReference; lastKnownFileType = folder.assetcatalog; path = "Preview Assets.xcassets"; sourceTree = "<group>"; };
		9A47CC2423F1B6690004CAEC /* Base */ = {isa = PBXFileReference; lastKnownFileType = file.storyboard; name = Base; path = Base.lproj/LaunchScreen.storyboard; sourceTree = "<group>"; };
		9A47CC2623F1B6690004CAEC /* Info.plist */ = {isa = PBXFileReference; lastKnownFileType = text.plist.xml; path = Info.plist; sourceTree = "<group>"; };
/* End PBXFileReference section */

/* Begin PBXFrameworksBuildPhase section */
		9A47CC1223F1B6670004CAEC /* Frameworks */ = {
			isa = PBXFrameworksBuildPhase;
			buildActionMask = 2147483647;
			files = (
			);
			runOnlyForDeploymentPostprocessing = 0;
		};
/* End PBXFrameworksBuildPhase section */

/* Begin PBXGroup section */
		9A47CC0C23F1B6670004CAEC = {
			isa = PBXGroup;
			children = (
				9A47CC1723F1B6670004CAEC /* Dolphin_practice */,
				9A47CC1623F1B6670004CAEC /* Products */,
			);
			sourceTree = "<group>";
		};
		9A47CC1623F1B6670004CAEC /* Products */ = {
			isa = PBXGroup;
			children = (
				9A47CC1523F1B6670004CAEC /* Dolphin_practice.app */,
			);
			name = Products;
			sourceTree = "<group>";
		};
		9A47CC1723F1B6670004CAEC /* Dolphin_practice */ = {
			isa = PBXGroup;
			children = (
				9A47CC1823F1B6670004CAEC /* AppDelegate.swift */,
				9A47CC1A23F1B6670004CAEC /* SceneDelegate.swift */,
				9A47CC1C23F1B6670004CAEC /* ContentView.swift */,
				9A47CC1E23F1B6690004CAEC /* Assets.xcassets */,
				9A47CC2323F1B6690004CAEC /* LaunchScreen.storyboard */,
				9A47CC2623F1B6690004CAEC /* Info.plist */,
				9A47CC2023F1B6690004CAEC /* Preview Content */,
			);
			path = Dolphin_practice;
			sourceTree = "<group>";
		};
		9A47CC2023F1B6690004CAEC /* Preview Content */ = {
			isa = PBXGroup;
			children = (
				9A47CC2123F1B6690004CAEC /* Preview Assets.xcassets */,
			);
			path = "Preview Content";
			sourceTree = "<group>";
		};
/* End PBXGroup section */

/* Begin PBXNativeTarget section */
		9A47CC1423F1B6670004CAEC /* Dolphin_practice */ = {
			isa = PBXNativeTarget;
			buildConfigurationList = 9A47CC2923F1B6690004CAEC /* Build configuration list for PBXNativeTarget "Dolphin_practice" */;
			buildPhases = (
				9A47CC1123F1B6670004CAEC /* Sources */,
				9A47CC1223F1B6670004CAEC /* Frameworks */,
				9A47CC1323F1B6670004CAEC /* Resources */,
			);
			buildRules = (
			);
			dependencies = (
			);
			name = Dolphin_practice;
			productName = Dolphin_practice;
			productReference = 9A47CC1523F1B6670004CAEC /* Dolphin_practice.app */;
			productType = "com.apple.product-type.application";
		};
/* End PBXNativeTarget section */

/* Begin PBXProject section */
		9A47CC0D23F1B6670004CAEC /* Project object */ = {
			isa = PBXProject;
			attributes = {
				LastSwiftUpdateCheck = 1130;
				LastUpgradeCheck = 1130;
				ORGANIZATIONNAME = "박찬영";
				TargetAttributes = {
					9A47CC1423F1B6670004CAEC = {
						CreatedOnToolsVersion = 11.3.1;
					};
				};
			};
			buildConfigurationList = 9A47CC1023F1B6670004CAEC /* Build configuration list for PBXProject "Dolphin_practice" */;
			compatibilityVersion = "Xcode 9.3";
			developmentRegion = en;
			hasScannedForEncodings = 0;
			knownRegions = (
				en,
				Base,
			);
			mainGroup = 9A47CC0C23F1B6670004CAEC;
			productRefGroup = 9A47CC1623F1B6670004CAEC /* Products */;
			projectDirPath = "";
			projectRoot = "";
			targets = (
				9A47CC1423F1B6670004CAEC /* Dolphin_practice */,
			);
		};
/* End PBXProject section */

/* Begin PBXResourcesBuildPhase section */
		9A47CC1323F1B6670004CAEC /* Resources */ = {
			isa = PBXResourcesBuildPhase;
			buildActionMask = 2147483647;
			files = (
				9A47CC2523F1B6690004CAEC /* LaunchScreen.storyboard in Resources */,
				9A47CC2223F1B6690004CAEC /* Preview Assets.xcassets in Resources */,
				9A47CC1F23F1B6690004CAEC /* Assets.xcassets in Resources */,
			);
			runOnlyForDeploymentPostprocessing = 0;
		};
/* End PBXResourcesBuildPhase section */

/* Begin PBXSourcesBuildPhase section */
		9A47CC1123F1B6670004CAEC /* Sources */ = {
			isa = PBXSourcesBuildPhase;
			buildActionMask = 2147483647;
			files = (
				9A47CC1923F1B6670004CAEC /* AppDelegate.swift in Sources */,
				9A47CC1B23F1B6670004CAEC /* SceneDelegate.swift in Sources */,
				9A47CC1D23F1B6670004CAEC /* ContentView.swift in Sources */,
			);
			runOnlyForDeploymentPostprocessing = 0;
		};
/* End PBXSourcesBuildPhase section */

/* Begin PBXVariantGroup section */
		9A47CC2323F1B6690004CAEC /* LaunchScreen.storyboard */ = {
			isa = PBXVariantGroup;
			children = (
				9A47CC2423F1B6690004CAEC /* Base */,
			);
			name = LaunchScreen.storyboard;
			sourceTree = "<group>";
		};
/* End PBXVariantGroup section */

/* Begin XCBuildConfiguration section */
		9A47CC2723F1B6690004CAEC /* Debug */ = {
			isa = XCBuildConfiguration;
			buildSettings = {
				ALWAYS_SEARCH_USER_PATHS = NO;
				CLANG_ANALYZER_NONNULL = YES;
				CLANG_ANALYZER_NUMBER_OBJECT_CONVERSION = YES_AGGRESSIVE;
				CLANG_CXX_LANGUAGE_STANDARD = "gnu++14";
				CLANG_CXX_LIBRARY = "libc++";
				CLANG_ENABLE_MODULES = YES;
				CLANG_ENABLE_OBJC_ARC = YES;
				CLANG_ENABLE_OBJC_WEAK = YES;
				CLANG_WARN_BLOCK_CAPTURE_AUTORELEASING = YES;
				CLANG_WARN_BOOL_CONVERSION = YES;
				CLANG_WARN_COMMA = YES;
				CLANG_WARN_CONSTANT_CONVERSION = YES;
				CLANG_WARN_DEPRECATED_OBJC_IMPLEMENTATIONS = YES;
				CLANG_WARN_DIRECT_OBJC_ISA_USAGE = YES_ERROR;
				CLANG_WARN_DOCUMENTATION_COMMENTS = YES;
				CLANG_WARN_EMPTY_BODY = YES;
				CLANG_WARN_ENUM_CONVERSION = YES;
				CLANG_WARN_INFINITE_RECURSION = YES;
				CLANG_WARN_INT_CONVERSION = YES;
				CLANG_WARN_NON_LITERAL_NULL_CONVERSION = YES;
				CLANG_WARN_OBJC_IMPLICIT_RETAIN_SELF = YES;
				CLANG_WARN_OBJC_LITERAL_CONVERSION = YES;
				CLANG_WARN_OBJC_ROOT_CLASS = YES_ERROR;
				CLANG_WARN_RANGE_LOOP_ANALYSIS = YES;
				CLANG_WARN_STRICT_PROTOTYPES = YES;
				CLANG_WARN_SUSPICIOUS_MOVE = YES;
				CLANG_WARN_UNGUARDED_AVAILABILITY = YES_AGGRESSIVE;
				CLANG_WARN_UNREACHABLE_CODE = YES;
				CLANG_WARN__DUPLICATE_METHOD_MATCH = YES;
				COPY_PHASE_STRIP = NO;
				DEBUG_INFORMATION_FORMAT = dwarf;
				ENABLE_STRICT_OBJC_MSGSEND = YES;
				ENABLE_TESTABILITY = YES;
				GCC_C_LANGUAGE_STANDARD = gnu11;
				GCC_DYNAMIC_NO_PIC = NO;
				GCC_NO_COMMON_BLOCKS = YES;
				GCC_OPTIMIZATION_LEVEL = 0;
				GCC_PREPROCESSOR_DEFINITIONS = (
					"DEBUG=1",
					"$(inherited)",
				);
				GCC_WARN_64_TO_32_BIT_CONVERSION = YES;
				GCC_WARN_ABOUT_RETURN_TYPE = YES_ERROR;
				GCC_WARN_UNDECLARED_SELECTOR = YES;
				GCC_WARN_UNINITIALIZED_AUTOS = YES_AGGRESSIVE;
				GCC_WARN_UNUSED_FUNCTION = YES;
				GCC_WARN_UNUSED_VARIABLE = YES;
				IPHONEOS_DEPLOYMENT_TARGET = 13.2;
				MTL_ENABLE_DEBUG_INFO = INCLUDE_SOURCE;
				MTL_FAST_MATH = YES;
				ONLY_ACTIVE_ARCH = YES;
				SDKROOT = iphoneos;
				SWIFT_ACTIVE_COMPILATION_CONDITIONS = DEBUG;
				SWIFT_OPTIMIZATION_LEVEL = "-Onone";
			};
			name = Debug;
		};
		9A47CC2823F1B6690004CAEC /* Release */ = {
			isa = XCBuildConfiguration;
			buildSettings = {
				ALWAYS_SEARCH_USER_PATHS = NO;
				CLANG_ANALYZER_NONNULL = YES;
				CLANG_ANALYZER_NUMBER_OBJECT_CONVERSION = YES_AGGRESSIVE;
				CLANG_CXX_LANGUAGE_STANDARD = "gnu++14";
				CLANG_CXX_LIBRARY = "libc++";
				CLANG_ENABLE_MODULES = YES;
				CLANG_ENABLE_OBJC_ARC = YES;
				CLANG_ENABLE_OBJC_WEAK = YES;
				CLANG_WARN_BLOCK_CAPTURE_AUTORELEASING = YES;
				CLANG_WARN_BOOL_CONVERSION = YES;
				CLANG_WARN_COMMA = YES;
				CLANG_WARN_CONSTANT_CONVERSION = YES;
				CLANG_WARN_DEPRECATED_OBJC_IMPLEMENTATIONS = YES;
				CLANG_WARN_DIRECT_OBJC_ISA_USAGE = YES_ERROR;
				CLANG_WARN_DOCUMENTATION_COMMENTS = YES;
				CLANG_WARN_EMPTY_BODY = YES;
				CLANG_WARN_ENUM_CONVERSION = YES;
				CLANG_WARN_INFINITE_RECURSION = YES;
				CLANG_WARN_INT_CONVERSION = YES;
				CLANG_WARN_NON_LITERAL_NULL_CONVERSION = YES;
				CLANG_WARN_OBJC_IMPLICIT_RETAIN_SELF = YES;
				CLANG_WARN_OBJC_LITERAL_CONVERSION = YES;
				CLANG_WARN_OBJC_ROOT_CLASS = YES_ERROR;
				CLANG_WARN_RANGE_LOOP_ANALYSIS = YES;
				CLANG_WARN_STRICT_PROTOTYPES = YES;
				CLANG_WARN_SUSPICIOUS_MOVE = YES;
				CLANG_WARN_UNGUARDED_AVAILABILITY = YES_AGGRESSIVE;
				CLANG_WARN_UNREACHABLE_CODE = YES;
				CLANG_WARN__DUPLICATE_METHOD_MATCH = YES;
				COPY_PHASE_STRIP = NO;
				DEBUG_INFORMATION_FORMAT = "dwarf-with-dsym";
				ENABLE_NS_ASSERTIONS = NO;
				ENABLE_STRICT_OBJC_MSGSEND = YES;
				GCC_C_LANGUAGE_STANDARD = gnu11;
				GCC_NO_COMMON_BLOCKS = YES;
				GCC_WARN_64_TO_32_BIT_CONVERSION = YES;
				GCC_WARN_ABOUT_RETURN_TYPE = YES_ERROR;
				GCC_WARN_UNDECLARED_SELECTOR = YES;
				GCC_WARN_UNINITIALIZED_AUTOS = YES_AGGRESSIVE;
				GCC_WARN_UNUSED_FUNCTION = YES;
				GCC_WARN_UNUSED_VARIABLE = YES;
				IPHONEOS_DEPLOYMENT_TARGET = 13.2;
				MTL_ENABLE_DEBUG_INFO = NO;
				MTL_FAST_MATH = YES;
				SDKROOT = iphoneos;
				SWIFT_COMPILATION_MODE = wholemodule;
				SWIFT_OPTIMIZATION_LEVEL = "-O";
				VALIDATE_PRODUCT = YES;
			};
			name = Release;
		};
		9A47CC2A23F1B6690004CAEC /* Debug */ = {
			isa = XCBuildConfiguration;
			buildSettings = {
				ASSETCATALOG_COMPILER_APPICON_NAME = AppIcon;
				CODE_SIGN_STYLE = Automatic;
				DEVELOPMENT_ASSET_PATHS = "\"Dolphin_practice/Preview Content\"";
				DEVELOPMENT_TEAM = X4AY89W7YP;
				ENABLE_PREVIEWS = YES;
				INFOPLIST_FILE = Dolphin_practice/Info.plist;
				LD_RUNPATH_SEARCH_PATHS = (
					"$(inherited)",
					"@executable_path/Frameworks",
				);
				PRODUCT_BUNDLE_IDENTIFIER = "pcy.Dolphin-practice";
				PRODUCT_NAME = "$(TARGET_NAME)";
				SWIFT_VERSION = 5.0;
				TARGETED_DEVICE_FAMILY = "1,2";
			};
			name = Debug;
		};
		9A47CC2B23F1B6690004CAEC /* Release */ = {
			isa = XCBuildConfiguration;
			buildSettings = {
				ASSETCATALOG_COMPILER_APPICON_NAME = AppIcon;
				CODE_SIGN_STYLE = Automatic;
				DEVELOPMENT_ASSET_PATHS = "\"Dolphin_practice/Preview Content\"";
				DEVELOPMENT_TEAM = X4AY89W7YP;
				ENABLE_PREVIEWS = YES;
				INFOPLIST_FILE = Dolphin_practice/Info.plist;
				LD_RUNPATH_SEARCH_PATHS = (
					"$(inherited)",
					"@executable_path/Frameworks",
				);
				PRODUCT_BUNDLE_IDENTIFIER = "pcy.Dolphin-practice";
				PRODUCT_NAME = "$(TARGET_NAME)";
				SWIFT_VERSION = 5.0;
				TARGETED_DEVICE_FAMILY = "1,2";
			};
			name = Release;
		};
/* End XCBuildConfiguration section */

/* Begin XCConfigurationList section */
		9A47CC1023F1B6670004CAEC /* Build configuration list for PBXProject "Dolphin_practice" */ = {
			isa = XCConfigurationList;
			buildConfigurations = (
				9A47CC2723F1B6690004CAEC /* Debug */,
				9A47CC2823F1B6690004CAEC /* Release */,
			);
			defaultConfigurationIsVisible = 0;
			defaultConfigurationName = Release;
		};
		9A47CC2923F1B6690004CAEC /* Build configuration list for PBXNativeTarget "Dolphin_practice" */ = {
			isa = XCConfigurationList;
			buildConfigurations = (
				9A47CC2A23F1B6690004CAEC /* Debug */,
				9A47CC2B23F1B6690004CAEC /* Release */,
			);
			defaultConfigurationIsVisible = 0;
			defaultConfigurationName = Release;
		};
/* End XCConfigurationList section */
	};
	rootObject = 9A47CC0D23F1B6670004CAEC /* Project object */;
}
